// !$*UTF8*$!
{
	archiveVersion = 1;
	classes = {
	};
	objectVersion = 56;
	objects = {

/* Begin PBXBuildFile section */
		14A45C6C2E48C96CA3675371 /* Pods_ForceUpdateKitExampleTests.framework in Frameworks */ = {isa = PBXBuildFile; fileRef = ED35E49C4E1C2633001FBF5A /* Pods_ForceUpdateKitExampleTests.framework */; };
		37B7F7112ADBFC120006154D /* RootViewController.swift in Sources */ = {isa = PBXBuildFile; fileRef = 37B7F70F2ADBFC120006154D /* RootViewController.swift */; };
		37B7F7122ADBFC120006154D /* RootViewController.xib in Resources */ = {isa = PBXBuildFile; fileRef = 37B7F7102ADBFC120006154D /* RootViewController.xib */; };
		37F8657D2AD75C7F005C4E04 /* AppDelegate.swift in Sources */ = {isa = PBXBuildFile; fileRef = 37F8657C2AD75C7F005C4E04 /* AppDelegate.swift */; };
		37F8657F2AD75C7F005C4E04 /* SceneDelegate.swift in Sources */ = {isa = PBXBuildFile; fileRef = 37F8657E2AD75C7F005C4E04 /* SceneDelegate.swift */; };
		37F865812AD75C7F005C4E04 /* ViewController.swift in Sources */ = {isa = PBXBuildFile; fileRef = 37F865802AD75C7F005C4E04 /* ViewController.swift */; };
		37F865872AD75C7F005C4E04 /* ForceUpdateKitExample.xcdatamodeld in Sources */ = {isa = PBXBuildFile; fileRef = 37F865852AD75C7F005C4E04 /* ForceUpdateKitExample.xcdatamodeld */; };
		37F865892AD75C81005C4E04 /* Assets.xcassets in Resources */ = {isa = PBXBuildFile; fileRef = 37F865882AD75C81005C4E04 /* Assets.xcassets */; };
		37F8658C2AD75C81005C4E04 /* LaunchScreen.storyboard in Resources */ = {isa = PBXBuildFile; fileRef = 37F8658A2AD75C81005C4E04 /* LaunchScreen.storyboard */; };
		37F865972AD75C81005C4E04 /* ForceUpdateKitExampleTests.swift in Sources */ = {isa = PBXBuildFile; fileRef = 37F865962AD75C81005C4E04 /* ForceUpdateKitExampleTests.swift */; };
		37F865A12AD75C81005C4E04 /* ForceUpdateKitExampleUITests.swift in Sources */ = {isa = PBXBuildFile; fileRef = 37F865A02AD75C81005C4E04 /* ForceUpdateKitExampleUITests.swift */; };
		37F865A32AD75C81005C4E04 /* ForceUpdateKitExampleUITestsLaunchTests.swift in Sources */ = {isa = PBXBuildFile; fileRef = 37F865A22AD75C81005C4E04 /* ForceUpdateKitExampleUITestsLaunchTests.swift */; };
		3CE5A2C85D4E652BB5C5CA09 /* Pods_ForceUpdateKitExample.framework in Frameworks */ = {isa = PBXBuildFile; fileRef = 46987B438B31666646B5E1A2 /* Pods_ForceUpdateKitExample.framework */; };
		DFF00546D7AE7216A6831583 /* Pods_ForceUpdateKitExample_ForceUpdateKitExampleUITests.framework in Frameworks */ = {isa = PBXBuildFile; fileRef = 1D953B92F4272FFE86D0A261 /* Pods_ForceUpdateKitExample_ForceUpdateKitExampleUITests.framework */; };
/* End PBXBuildFile section */

/* Begin PBXContainerItemProxy section */
		37F865932AD75C81005C4E04 /* PBXContainerItemProxy */ = {
			isa = PBXContainerItemProxy;
			containerPortal = 37F865712AD75C7F005C4E04 /* Project object */;
			proxyType = 1;
			remoteGlobalIDString = 37F865782AD75C7F005C4E04;
			remoteInfo = ForceUpdateKitExample;
		};
		37F8659D2AD75C81005C4E04 /* PBXContainerItemProxy */ = {
			isa = PBXContainerItemProxy;
			containerPortal = 37F865712AD75C7F005C4E04 /* Project object */;
			proxyType = 1;
			remoteGlobalIDString = 37F865782AD75C7F005C4E04;
			remoteInfo = ForceUpdateKitExample;
		};
/* End PBXContainerItemProxy section */

/* Begin PBXFileReference section */
		0672038DA7D7B626D04526D5 /* Pods-ForceUpdateKitExampleTests.release.xcconfig */ = {isa = PBXFileReference; includeInIndex = 1; lastKnownFileType = text.xcconfig; name = "Pods-ForceUpdateKitExampleTests.release.xcconfig"; path = "Target Support Files/Pods-ForceUpdateKitExampleTests/Pods-ForceUpdateKitExampleTests.release.xcconfig"; sourceTree = "<group>"; };
		1D953B92F4272FFE86D0A261 /* Pods_ForceUpdateKitExample_ForceUpdateKitExampleUITests.framework */ = {isa = PBXFileReference; explicitFileType = wrapper.framework; includeInIndex = 0; path = Pods_ForceUpdateKitExample_ForceUpdateKitExampleUITests.framework; sourceTree = BUILT_PRODUCTS_DIR; };
		37B7F70F2ADBFC120006154D /* RootViewController.swift */ = {isa = PBXFileReference; lastKnownFileType = sourcecode.swift; path = RootViewController.swift; sourceTree = "<group>"; };
		37B7F7102ADBFC120006154D /* RootViewController.xib */ = {isa = PBXFileReference; lastKnownFileType = file.xib; path = RootViewController.xib; sourceTree = "<group>"; };
		37F865792AD75C7F005C4E04 /* ForceUpdateKitExample.app */ = {isa = PBXFileReference; explicitFileType = wrapper.application; includeInIndex = 0; path = ForceUpdateKitExample.app; sourceTree = BUILT_PRODUCTS_DIR; };
		37F8657C2AD75C7F005C4E04 /* AppDelegate.swift */ = {isa = PBXFileReference; lastKnownFileType = sourcecode.swift; path = AppDelegate.swift; sourceTree = "<group>"; };
		37F8657E2AD75C7F005C4E04 /* SceneDelegate.swift */ = {isa = PBXFileReference; lastKnownFileType = sourcecode.swift; path = SceneDelegate.swift; sourceTree = "<group>"; };
		37F865802AD75C7F005C4E04 /* ViewController.swift */ = {isa = PBXFileReference; lastKnownFileType = sourcecode.swift; path = ViewController.swift; sourceTree = "<group>"; };
		37F865862AD75C7F005C4E04 /* ForceUpdateKitExample.xcdatamodel */ = {isa = PBXFileReference; lastKnownFileType = wrapper.xcdatamodel; path = ForceUpdateKitExample.xcdatamodel; sourceTree = "<group>"; };
		37F865882AD75C81005C4E04 /* Assets.xcassets */ = {isa = PBXFileReference; lastKnownFileType = folder.assetcatalog; path = Assets.xcassets; sourceTree = "<group>"; };
		37F8658B2AD75C81005C4E04 /* Base */ = {isa = PBXFileReference; lastKnownFileType = file.storyboard; name = Base; path = Base.lproj/LaunchScreen.storyboard; sourceTree = "<group>"; };
		37F8658D2AD75C81005C4E04 /* Info.plist */ = {isa = PBXFileReference; lastKnownFileType = text.plist.xml; path = Info.plist; sourceTree = "<group>"; };
		37F865922AD75C81005C4E04 /* ForceUpdateKitExampleTests.xctest */ = {isa = PBXFileReference; explicitFileType = wrapper.cfbundle; includeInIndex = 0; path = ForceUpdateKitExampleTests.xctest; sourceTree = BUILT_PRODUCTS_DIR; };
		37F865962AD75C81005C4E04 /* ForceUpdateKitExampleTests.swift */ = {isa = PBXFileReference; lastKnownFileType = sourcecode.swift; path = ForceUpdateKitExampleTests.swift; sourceTree = "<group>"; };
		37F8659C2AD75C81005C4E04 /* ForceUpdateKitExampleUITests.xctest */ = {isa = PBXFileReference; explicitFileType = wrapper.cfbundle; includeInIndex = 0; path = ForceUpdateKitExampleUITests.xctest; sourceTree = BUILT_PRODUCTS_DIR; };
		37F865A02AD75C81005C4E04 /* ForceUpdateKitExampleUITests.swift */ = {isa = PBXFileReference; lastKnownFileType = sourcecode.swift; path = ForceUpdateKitExampleUITests.swift; sourceTree = "<group>"; };
		37F865A22AD75C81005C4E04 /* ForceUpdateKitExampleUITestsLaunchTests.swift */ = {isa = PBXFileReference; lastKnownFileType = sourcecode.swift; path = ForceUpdateKitExampleUITestsLaunchTests.swift; sourceTree = "<group>"; };
		46987B438B31666646B5E1A2 /* Pods_ForceUpdateKitExample.framework */ = {isa = PBXFileReference; explicitFileType = wrapper.framework; includeInIndex = 0; path = Pods_ForceUpdateKitExample.framework; sourceTree = BUILT_PRODUCTS_DIR; };
		52309B7C17B774726F297F11 /* Pods-ForceUpdateKitExample.debug.xcconfig */ = {isa = PBXFileReference; includeInIndex = 1; lastKnownFileType = text.xcconfig; name = "Pods-ForceUpdateKitExample.debug.xcconfig"; path = "Target Support Files/Pods-ForceUpdateKitExample/Pods-ForceUpdateKitExample.debug.xcconfig"; sourceTree = "<group>"; };
		5E2EEFDA5865FEA4A59FA5F2 /* Pods-ForceUpdateKitExample-ForceUpdateKitExampleUITests.debug.xcconfig */ = {isa = PBXFileReference; includeInIndex = 1; lastKnownFileType = text.xcconfig; name = "Pods-ForceUpdateKitExample-ForceUpdateKitExampleUITests.debug.xcconfig"; path = "Target Support Files/Pods-ForceUpdateKitExample-ForceUpdateKitExampleUITests/Pods-ForceUpdateKitExample-ForceUpdateKitExampleUITests.debug.xcconfig"; sourceTree = "<group>"; };
		76D2162BB9959938505980BE /* Pods-ForceUpdateKitExample.release.xcconfig */ = {isa = PBXFileReference; includeInIndex = 1; lastKnownFileType = text.xcconfig; name = "Pods-ForceUpdateKitExample.release.xcconfig"; path = "Target Support Files/Pods-ForceUpdateKitExample/Pods-ForceUpdateKitExample.release.xcconfig"; sourceTree = "<group>"; };
		ED35E49C4E1C2633001FBF5A /* Pods_ForceUpdateKitExampleTests.framework */ = {isa = PBXFileReference; explicitFileType = wrapper.framework; includeInIndex = 0; path = Pods_ForceUpdateKitExampleTests.framework; sourceTree = BUILT_PRODUCTS_DIR; };
		F303E11C85DEA7CFC48A2EFF /* Pods-ForceUpdateKitExample-ForceUpdateKitExampleUITests.release.xcconfig */ = {isa = PBXFileReference; includeInIndex = 1; lastKnownFileType = text.xcconfig; name = "Pods-ForceUpdateKitExample-ForceUpdateKitExampleUITests.release.xcconfig"; path = "Target Support Files/Pods-ForceUpdateKitExample-ForceUpdateKitExampleUITests/Pods-ForceUpdateKitExample-ForceUpdateKitExampleUITests.release.xcconfig"; sourceTree = "<group>"; };
		FA0F9CAEC35E438E2336A48E /* Pods-ForceUpdateKitExampleTests.debug.xcconfig */ = {isa = PBXFileReference; includeInIndex = 1; lastKnownFileType = text.xcconfig; name = "Pods-ForceUpdateKitExampleTests.debug.xcconfig"; path = "Target Support Files/Pods-ForceUpdateKitExampleTests/Pods-ForceUpdateKitExampleTests.debug.xcconfig"; sourceTree = "<group>"; };
/* End PBXFileReference section */

/* Begin PBXFrameworksBuildPhase section */
		37F865762AD75C7F005C4E04 /* Frameworks */ = {
			isa = PBXFrameworksBuildPhase;
			buildActionMask = 2147483647;
			files = (
				3CE5A2C85D4E652BB5C5CA09 /* Pods_ForceUpdateKitExample.framework in Frameworks */,
			);
			runOnlyForDeploymentPostprocessing = 0;
		};
		37F8658F2AD75C81005C4E04 /* Frameworks */ = {
			isa = PBXFrameworksBuildPhase;
			buildActionMask = 2147483647;
			files = (
				14A45C6C2E48C96CA3675371 /* Pods_ForceUpdateKitExampleTests.framework in Frameworks */,
			);
			runOnlyForDeploymentPostprocessing = 0;
		};
		37F865992AD75C81005C4E04 /* Frameworks */ = {
			isa = PBXFrameworksBuildPhase;
			buildActionMask = 2147483647;
			files = (
				DFF00546D7AE7216A6831583 /* Pods_ForceUpdateKitExample_ForceUpdateKitExampleUITests.framework in Frameworks */,
			);
			runOnlyForDeploymentPostprocessing = 0;
		};
/* End PBXFrameworksBuildPhase section */

/* Begin PBXGroup section */
		0D9E9A42D374AAF12D7ACFC7 /* Pods */ = {
			isa = PBXGroup;
			children = (
				52309B7C17B774726F297F11 /* Pods-ForceUpdateKitExample.debug.xcconfig */,
				76D2162BB9959938505980BE /* Pods-ForceUpdateKitExample.release.xcconfig */,
				5E2EEFDA5865FEA4A59FA5F2 /* Pods-ForceUpdateKitExample-ForceUpdateKitExampleUITests.debug.xcconfig */,
				F303E11C85DEA7CFC48A2EFF /* Pods-ForceUpdateKitExample-ForceUpdateKitExampleUITests.release.xcconfig */,
				FA0F9CAEC35E438E2336A48E /* Pods-ForceUpdateKitExampleTests.debug.xcconfig */,
				0672038DA7D7B626D04526D5 /* Pods-ForceUpdateKitExampleTests.release.xcconfig */,
			);
			path = Pods;
			sourceTree = "<group>";
		};
		37F865702AD75C7F005C4E04 = {
			isa = PBXGroup;
			children = (
				37F8657B2AD75C7F005C4E04 /* ForceUpdateKitExample */,
				37F865952AD75C81005C4E04 /* ForceUpdateKitExampleTests */,
				37F8659F2AD75C81005C4E04 /* ForceUpdateKitExampleUITests */,
				37F8657A2AD75C7F005C4E04 /* Products */,
				0D9E9A42D374AAF12D7ACFC7 /* Pods */,
				77B81763265B95414DF6FBDB /* Frameworks */,
			);
			sourceTree = "<group>";
		};
		37F8657A2AD75C7F005C4E04 /* Products */ = {
			isa = PBXGroup;
			children = (
				37F865792AD75C7F005C4E04 /* ForceUpdateKitExample.app */,
				37F865922AD75C81005C4E04 /* ForceUpdateKitExampleTests.xctest */,
				37F8659C2AD75C81005C4E04 /* ForceUpdateKitExampleUITests.xctest */,
			);
			name = Products;
			sourceTree = "<group>";
		};
		37F8657B2AD75C7F005C4E04 /* ForceUpdateKitExample */ = {
			isa = PBXGroup;
			children = (
				37F8657C2AD75C7F005C4E04 /* AppDelegate.swift */,
				37F8657E2AD75C7F005C4E04 /* SceneDelegate.swift */,
				37F865802AD75C7F005C4E04 /* ViewController.swift */,
				37F865882AD75C81005C4E04 /* Assets.xcassets */,
				37F8658A2AD75C81005C4E04 /* LaunchScreen.storyboard */,
				37F8658D2AD75C81005C4E04 /* Info.plist */,
				37F865852AD75C7F005C4E04 /* ForceUpdateKitExample.xcdatamodeld */,
				37B7F70F2ADBFC120006154D /* RootViewController.swift */,
				37B7F7102ADBFC120006154D /* RootViewController.xib */,
			);
			path = ForceUpdateKitExample;
			sourceTree = "<group>";
		};
		37F865952AD75C81005C4E04 /* ForceUpdateKitExampleTests */ = {
			isa = PBXGroup;
			children = (
				37F865962AD75C81005C4E04 /* ForceUpdateKitExampleTests.swift */,
			);
			path = ForceUpdateKitExampleTests;
			sourceTree = "<group>";
		};
		37F8659F2AD75C81005C4E04 /* ForceUpdateKitExampleUITests */ = {
			isa = PBXGroup;
			children = (
				37F865A02AD75C81005C4E04 /* ForceUpdateKitExampleUITests.swift */,
				37F865A22AD75C81005C4E04 /* ForceUpdateKitExampleUITestsLaunchTests.swift */,
			);
			path = ForceUpdateKitExampleUITests;
			sourceTree = "<group>";
		};
		77B81763265B95414DF6FBDB /* Frameworks */ = {
			isa = PBXGroup;
			children = (
				46987B438B31666646B5E1A2 /* Pods_ForceUpdateKitExample.framework */,
				1D953B92F4272FFE86D0A261 /* Pods_ForceUpdateKitExample_ForceUpdateKitExampleUITests.framework */,
				ED35E49C4E1C2633001FBF5A /* Pods_ForceUpdateKitExampleTests.framework */,
			);
			name = Frameworks;
			sourceTree = "<group>";
		};
/* End PBXGroup section */

/* Begin PBXNativeTarget section */
		37F865782AD75C7F005C4E04 /* ForceUpdateKitExample */ = {
			isa = PBXNativeTarget;
			buildConfigurationList = 37F865A62AD75C81005C4E04 /* Build configuration list for PBXNativeTarget "ForceUpdateKitExample" */;
			buildPhases = (
				2E750A5365CA5CDE28F92524 /* [CP] Check Pods Manifest.lock */,
				37F865752AD75C7F005C4E04 /* Sources */,
				37F865762AD75C7F005C4E04 /* Frameworks */,
				37F865772AD75C7F005C4E04 /* Resources */,
				987E93F867CF54F4CA7D8134 /* [CP] Embed Pods Frameworks */,
			);
			buildRules = (
			);
			dependencies = (
			);
			name = ForceUpdateKitExample;
			productName = ForceUpdateKitExample;
			productReference = 37F865792AD75C7F005C4E04 /* ForceUpdateKitExample.app */;
			productType = "com.apple.product-type.application";
		};
		37F865912AD75C81005C4E04 /* ForceUpdateKitExampleTests */ = {
			isa = PBXNativeTarget;
			buildConfigurationList = 37F865A92AD75C81005C4E04 /* Build configuration list for PBXNativeTarget "ForceUpdateKitExampleTests" */;
			buildPhases = (
				B018B9F82D9D59A51DE9ACFE /* [CP] Check Pods Manifest.lock */,
				37F8658E2AD75C81005C4E04 /* Sources */,
				37F8658F2AD75C81005C4E04 /* Frameworks */,
				37F865902AD75C81005C4E04 /* Resources */,
			);
			buildRules = (
			);
			dependencies = (
				37F865942AD75C81005C4E04 /* PBXTargetDependency */,
			);
			name = ForceUpdateKitExampleTests;
			productName = ForceUpdateKitExampleTests;
			productReference = 37F865922AD75C81005C4E04 /* ForceUpdateKitExampleTests.xctest */;
			productType = "com.apple.product-type.bundle.unit-test";
		};
		37F8659B2AD75C81005C4E04 /* ForceUpdateKitExampleUITests */ = {
			isa = PBXNativeTarget;
			buildConfigurationList = 37F865AC2AD75C81005C4E04 /* Build configuration list for PBXNativeTarget "ForceUpdateKitExampleUITests" */;
			buildPhases = (
				9485C835B4E68748BDFCB1C7 /* [CP] Check Pods Manifest.lock */,
				37F865982AD75C81005C4E04 /* Sources */,
				37F865992AD75C81005C4E04 /* Frameworks */,
				37F8659A2AD75C81005C4E04 /* Resources */,
				DDEA7BD16ABFD0DD5B5CBD4D /* [CP] Embed Pods Frameworks */,
			);
			buildRules = (
			);
			dependencies = (
				37F8659E2AD75C81005C4E04 /* PBXTargetDependency */,
			);
			name = ForceUpdateKitExampleUITests;
			productName = ForceUpdateKitExampleUITests;
			productReference = 37F8659C2AD75C81005C4E04 /* ForceUpdateKitExampleUITests.xctest */;
			productType = "com.apple.product-type.bundle.ui-testing";
		};
/* End PBXNativeTarget section */

/* Begin PBXProject section */
		37F865712AD75C7F005C4E04 /* Project object */ = {
			isa = PBXProject;
			attributes = {
				BuildIndependentTargetsInParallel = 1;
				LastSwiftUpdateCheck = 1500;
				LastUpgradeCheck = 1500;
				TargetAttributes = {
					37F865782AD75C7F005C4E04 = {
						CreatedOnToolsVersion = 15.0;
					};
					37F865912AD75C81005C4E04 = {
						CreatedOnToolsVersion = 15.0;
						TestTargetID = 37F865782AD75C7F005C4E04;
					};
					37F8659B2AD75C81005C4E04 = {
						CreatedOnToolsVersion = 15.0;
						TestTargetID = 37F865782AD75C7F005C4E04;
					};
				};
			};
			buildConfigurationList = 37F865742AD75C7F005C4E04 /* Build configuration list for PBXProject "ForceUpdateKitExample" */;
			compatibilityVersion = "Xcode 14.0";
			developmentRegion = en;
			hasScannedForEncodings = 0;
			knownRegions = (
				en,
				Base,
			);
			mainGroup = 37F865702AD75C7F005C4E04;
			productRefGroup = 37F8657A2AD75C7F005C4E04 /* Products */;
			projectDirPath = "";
			projectRoot = "";
			targets = (
				37F865782AD75C7F005C4E04 /* ForceUpdateKitExample */,
				37F865912AD75C81005C4E04 /* ForceUpdateKitExampleTests */,
				37F8659B2AD75C81005C4E04 /* ForceUpdateKitExampleUITests */,
			);
		};
/* End PBXProject section */

/* Begin PBXResourcesBuildPhase section */
		37F865772AD75C7F005C4E04 /* Resources */ = {
			isa = PBXResourcesBuildPhase;
			buildActionMask = 2147483647;
			files = (
				37F8658C2AD75C81005C4E04 /* LaunchScreen.storyboard in Resources */,
				37F865892AD75C81005C4E04 /* Assets.xcassets in Resources */,
				37B7F7122ADBFC120006154D /* RootViewController.xib in Resources */,
			);
			runOnlyForDeploymentPostprocessing = 0;
		};
		37F865902AD75C81005C4E04 /* Resources */ = {
			isa = PBXResourcesBuildPhase;
			buildActionMask = 2147483647;
			files = (
			);
			runOnlyForDeploymentPostprocessing = 0;
		};
		37F8659A2AD75C81005C4E04 /* Resources */ = {
			isa = PBXResourcesBuildPhase;
			buildActionMask = 2147483647;
			files = (
			);
			runOnlyForDeploymentPostprocessing = 0;
		};
/* End PBXResourcesBuildPhase section */

/* Begin PBXShellScriptBuildPhase section */
		2E750A5365CA5CDE28F92524 /* [CP] Check Pods Manifest.lock */ = {
			isa = PBXShellScriptBuildPhase;
			buildActionMask = 2147483647;
			files = (
			);
			inputFileListPaths = (
			);
			inputPaths = (
				"${PODS_PODFILE_DIR_PATH}/Podfile.lock",
				"${PODS_ROOT}/Manifest.lock",
			);
			name = "[CP] Check Pods Manifest.lock";
			outputFileListPaths = (
			);
			outputPaths = (
				"$(DERIVED_FILE_DIR)/Pods-ForceUpdateKitExample-checkManifestLockResult.txt",
			);
			runOnlyForDeploymentPostprocessing = 0;
			shellPath = /bin/sh;
			shellScript = "diff \"${PODS_PODFILE_DIR_PATH}/Podfile.lock\" \"${PODS_ROOT}/Manifest.lock\" > /dev/null\nif [ $? != 0 ] ; then\n    # print error to STDERR\n    echo \"error: The sandbox is not in sync with the Podfile.lock. Run 'pod install' or update your CocoaPods installation.\" >&2\n    exit 1\nfi\n# This output is used by Xcode 'outputs' to avoid re-running this script phase.\necho \"SUCCESS\" > \"${SCRIPT_OUTPUT_FILE_0}\"\n";
			showEnvVarsInLog = 0;
		};
		9485C835B4E68748BDFCB1C7 /* [CP] Check Pods Manifest.lock */ = {
			isa = PBXShellScriptBuildPhase;
			buildActionMask = 2147483647;
			files = (
			);
			inputFileListPaths = (
			);
			inputPaths = (
				"${PODS_PODFILE_DIR_PATH}/Podfile.lock",
				"${PODS_ROOT}/Manifest.lock",
			);
			name = "[CP] Check Pods Manifest.lock";
			outputFileListPaths = (
			);
			outputPaths = (
				"$(DERIVED_FILE_DIR)/Pods-ForceUpdateKitExample-ForceUpdateKitExampleUITests-checkManifestLockResult.txt",
			);
			runOnlyForDeploymentPostprocessing = 0;
			shellPath = /bin/sh;
			shellScript = "diff \"${PODS_PODFILE_DIR_PATH}/Podfile.lock\" \"${PODS_ROOT}/Manifest.lock\" > /dev/null\nif [ $? != 0 ] ; then\n    # print error to STDERR\n    echo \"error: The sandbox is not in sync with the Podfile.lock. Run 'pod install' or update your CocoaPods installation.\" >&2\n    exit 1\nfi\n# This output is used by Xcode 'outputs' to avoid re-running this script phase.\necho \"SUCCESS\" > \"${SCRIPT_OUTPUT_FILE_0}\"\n";
			showEnvVarsInLog = 0;
		};
		987E93F867CF54F4CA7D8134 /* [CP] Embed Pods Frameworks */ = {
			isa = PBXShellScriptBuildPhase;
			buildActionMask = 2147483647;
			files = (
			);
			inputFileListPaths = (
				"${PODS_ROOT}/Target Support Files/Pods-ForceUpdateKitExample/Pods-ForceUpdateKitExample-frameworks-${CONFIGURATION}-input-files.xcfilelist",
			);
			name = "[CP] Embed Pods Frameworks";
			outputFileListPaths = (
				"${PODS_ROOT}/Target Support Files/Pods-ForceUpdateKitExample/Pods-ForceUpdateKitExample-frameworks-${CONFIGURATION}-output-files.xcfilelist",
			);
			runOnlyForDeploymentPostprocessing = 0;
			shellPath = /bin/sh;
			shellScript = "\"${PODS_ROOT}/Target Support Files/Pods-ForceUpdateKitExample/Pods-ForceUpdateKitExample-frameworks.sh\"\n";
			showEnvVarsInLog = 0;
		};
		B018B9F82D9D59A51DE9ACFE /* [CP] Check Pods Manifest.lock */ = {
			isa = PBXShellScriptBuildPhase;
			buildActionMask = 2147483647;
			files = (
			);
			inputFileListPaths = (
			);
			inputPaths = (
				"${PODS_PODFILE_DIR_PATH}/Podfile.lock",
				"${PODS_ROOT}/Manifest.lock",
			);
			name = "[CP] Check Pods Manifest.lock";
			outputFileListPaths = (
			);
			outputPaths = (
				"$(DERIVED_FILE_DIR)/Pods-ForceUpdateKitExampleTests-checkManifestLockResult.txt",
			);
			runOnlyForDeploymentPostprocessing = 0;
			shellPath = /bin/sh;
			shellScript = "diff \"${PODS_PODFILE_DIR_PATH}/Podfile.lock\" \"${PODS_ROOT}/Manifest.lock\" > /dev/null\nif [ $? != 0 ] ; then\n    # print error to STDERR\n    echo \"error: The sandbox is not in sync with the Podfile.lock. Run 'pod install' or update your CocoaPods installation.\" >&2\n    exit 1\nfi\n# This output is used by Xcode 'outputs' to avoid re-running this script phase.\necho \"SUCCESS\" > \"${SCRIPT_OUTPUT_FILE_0}\"\n";
			showEnvVarsInLog = 0;
		};
		DDEA7BD16ABFD0DD5B5CBD4D /* [CP] Embed Pods Frameworks */ = {
			isa = PBXShellScriptBuildPhase;
			buildActionMask = 2147483647;
			files = (
			);
			inputFileListPaths = (
				"${PODS_ROOT}/Target Support Files/Pods-ForceUpdateKitExample-ForceUpdateKitExampleUITests/Pods-ForceUpdateKitExample-ForceUpdateKitExampleUITests-frameworks-${CONFIGURATION}-input-files.xcfilelist",
			);
			name = "[CP] Embed Pods Frameworks";
			outputFileListPaths = (
				"${PODS_ROOT}/Target Support Files/Pods-ForceUpdateKitExample-ForceUpdateKitExampleUITests/Pods-ForceUpdateKitExample-ForceUpdateKitExampleUITests-frameworks-${CONFIGURATION}-output-files.xcfilelist",
			);
			runOnlyForDeploymentPostprocessing = 0;
			shellPath = /bin/sh;
			shellScript = "\"${PODS_ROOT}/Target Support Files/Pods-ForceUpdateKitExample-ForceUpdateKitExampleUITests/Pods-ForceUpdateKitExample-ForceUpdateKitExampleUITests-frameworks.sh\"\n";
			showEnvVarsInLog = 0;
		};
/* End PBXShellScriptBuildPhase section */

/* Begin PBXSourcesBuildPhase section */
		37F865752AD75C7F005C4E04 /* Sources */ = {
			isa = PBXSourcesBuildPhase;
			buildActionMask = 2147483647;
			files = (
				37B7F7112ADBFC120006154D /* RootViewController.swift in Sources */,
				37F865872AD75C7F005C4E04 /* ForceUpdateKitExample.xcdatamodeld in Sources */,
				37F865812AD75C7F005C4E04 /* ViewController.swift in Sources */,
				37F8657D2AD75C7F005C4E04 /* AppDelegate.swift in Sources */,
				37F8657F2AD75C7F005C4E04 /* SceneDelegate.swift in Sources */,
			);
			runOnlyForDeploymentPostprocessing = 0;
		};
		37F8658E2AD75C81005C4E04 /* Sources */ = {
			isa = PBXSourcesBuildPhase;
			buildActionMask = 2147483647;
			files = (
				37F865972AD75C81005C4E04 /* ForceUpdateKitExampleTests.swift in Sources */,
			);
			runOnlyForDeploymentPostprocessing = 0;
		};
		37F865982AD75C81005C4E04 /* Sources */ = {
			isa = PBXSourcesBuildPhase;
			buildActionMask = 2147483647;
			files = (
				37F865A12AD75C81005C4E04 /* ForceUpdateKitExampleUITests.swift in Sources */,
				37F865A32AD75C81005C4E04 /* ForceUpdateKitExampleUITestsLaunchTests.swift in Sources */,
			);
			runOnlyForDeploymentPostprocessing = 0;
		};
/* End PBXSourcesBuildPhase section */

/* Begin PBXTargetDependency section */
		37F865942AD75C81005C4E04 /* PBXTargetDependency */ = {
			isa = PBXTargetDependency;
			target = 37F865782AD75C7F005C4E04 /* ForceUpdateKitExample */;
			targetProxy = 37F865932AD75C81005C4E04 /* PBXContainerItemProxy */;
		};
		37F8659E2AD75C81005C4E04 /* PBXTargetDependency */ = {
			isa = PBXTargetDependency;
			target = 37F865782AD75C7F005C4E04 /* ForceUpdateKitExample */;
			targetProxy = 37F8659D2AD75C81005C4E04 /* PBXContainerItemProxy */;
		};
/* End PBXTargetDependency section */

/* Begin PBXVariantGroup section */
		37F8658A2AD75C81005C4E04 /* LaunchScreen.storyboard */ = {
			isa = PBXVariantGroup;
			children = (
				37F8658B2AD75C81005C4E04 /* Base */,
			);
			name = LaunchScreen.storyboard;
			sourceTree = "<group>";
		};
/* End PBXVariantGroup section */

/* Begin XCBuildConfiguration section */
		37F865A42AD75C81005C4E04 /* Debug */ = {
			isa = XCBuildConfiguration;
			buildSettings = {
				ALWAYS_SEARCH_USER_PATHS = NO;
				ASSETCATALOG_COMPILER_GENERATE_SWIFT_ASSET_SYMBOL_EXTENSIONS = YES;
				CLANG_ANALYZER_NONNULL = YES;
				CLANG_ANALYZER_NUMBER_OBJECT_CONVERSION = YES_AGGRESSIVE;
				CLANG_CXX_LANGUAGE_STANDARD = "gnu++20";
				CLANG_ENABLE_MODULES = YES;
				CLANG_ENABLE_OBJC_ARC = YES;
				CLANG_ENABLE_OBJC_WEAK = YES;
				CLANG_WARN_BLOCK_CAPTURE_AUTORELEASING = YES;
				CLANG_WARN_BOOL_CONVERSION = YES;
				CLANG_WARN_COMMA = YES;
				CLANG_WARN_CONSTANT_CONVERSION = YES;
				CLANG_WARN_DEPRECATED_OBJC_IMPLEMENTATIONS = YES;
				CLANG_WARN_DIRECT_OBJC_ISA_USAGE = YES_ERROR;
				CLANG_WARN_DOCUMENTATION_COMMENTS = YES;
				CLANG_WARN_EMPTY_BODY = YES;
				CLANG_WARN_ENUM_CONVERSION = YES;
				CLANG_WARN_INFINITE_RECURSION = YES;
				CLANG_WARN_INT_CONVERSION = YES;
				CLANG_WARN_NON_LITERAL_NULL_CONVERSION = YES;
				CLANG_WARN_OBJC_IMPLICIT_RETAIN_SELF = YES;
				CLANG_WARN_OBJC_LITERAL_CONVERSION = YES;
				CLANG_WARN_OBJC_ROOT_CLASS = YES_ERROR;
				CLANG_WARN_QUOTED_INCLUDE_IN_FRAMEWORK_HEADER = YES;
				CLANG_WARN_RANGE_LOOP_ANALYSIS = YES;
				CLANG_WARN_STRICT_PROTOTYPES = YES;
				CLANG_WARN_SUSPICIOUS_MOVE = YES;
				CLANG_WARN_UNGUARDED_AVAILABILITY = YES_AGGRESSIVE;
				CLANG_WARN_UNREACHABLE_CODE = YES;
				CLANG_WARN__DUPLICATE_METHOD_MATCH = YES;
				COPY_PHASE_STRIP = NO;
				DEBUG_INFORMATION_FORMAT = dwarf;
				ENABLE_STRICT_OBJC_MSGSEND = YES;
				ENABLE_TESTABILITY = YES;
				ENABLE_USER_SCRIPT_SANDBOXING = YES;
				GCC_C_LANGUAGE_STANDARD = gnu17;
				GCC_DYNAMIC_NO_PIC = NO;
				GCC_NO_COMMON_BLOCKS = YES;
				GCC_OPTIMIZATION_LEVEL = 0;
				GCC_PREPROCESSOR_DEFINITIONS = (
					"DEBUG=1",
					"$(inherited)",
				);
				GCC_WARN_64_TO_32_BIT_CONVERSION = YES;
				GCC_WARN_ABOUT_RETURN_TYPE = YES_ERROR;
				GCC_WARN_UNDECLARED_SELECTOR = YES;
				GCC_WARN_UNINITIALIZED_AUTOS = YES_AGGRESSIVE;
				GCC_WARN_UNUSED_FUNCTION = YES;
				GCC_WARN_UNUSED_VARIABLE = YES;
				IPHONEOS_DEPLOYMENT_TARGET = 17.0;
				LOCALIZATION_PREFERS_STRING_CATALOGS = YES;
				MTL_ENABLE_DEBUG_INFO = INCLUDE_SOURCE;
				MTL_FAST_MATH = YES;
				ONLY_ACTIVE_ARCH = YES;
				SDKROOT = iphoneos;
				SWIFT_ACTIVE_COMPILATION_CONDITIONS = "DEBUG $(inherited)";
				SWIFT_OPTIMIZATION_LEVEL = "-Onone";
			};
			name = Debug;
		};
		37F865A52AD75C81005C4E04 /* Release */ = {
			isa = XCBuildConfiguration;
			buildSettings = {
				ALWAYS_SEARCH_USER_PATHS = NO;
				ASSETCATALOG_COMPILER_GENERATE_SWIFT_ASSET_SYMBOL_EXTENSIONS = YES;
				CLANG_ANALYZER_NONNULL = YES;
				CLANG_ANALYZER_NUMBER_OBJECT_CONVERSION = YES_AGGRESSIVE;
				CLANG_CXX_LANGUAGE_STANDARD = "gnu++20";
				CLANG_ENABLE_MODULES = YES;
				CLANG_ENABLE_OBJC_ARC = YES;
				CLANG_ENABLE_OBJC_WEAK = YES;
				CLANG_WARN_BLOCK_CAPTURE_AUTORELEASING = YES;
				CLANG_WARN_BOOL_CONVERSION = YES;
				CLANG_WARN_COMMA = YES;
				CLANG_WARN_CONSTANT_CONVERSION = YES;
				CLANG_WARN_DEPRECATED_OBJC_IMPLEMENTATIONS = YES;
				CLANG_WARN_DIRECT_OBJC_ISA_USAGE = YES_ERROR;
				CLANG_WARN_DOCUMENTATION_COMMENTS = YES;
				CLANG_WARN_EMPTY_BODY = YES;
				CLANG_WARN_ENUM_CONVERSION = YES;
				CLANG_WARN_INFINITE_RECURSION = YES;
				CLANG_WARN_INT_CONVERSION = YES;
				CLANG_WARN_NON_LITERAL_NULL_CONVERSION = YES;
				CLANG_WARN_OBJC_IMPLICIT_RETAIN_SELF = YES;
				CLANG_WARN_OBJC_LITERAL_CONVERSION = YES;
				CLANG_WARN_OBJC_ROOT_CLASS = YES_ERROR;
				CLANG_WARN_QUOTED_INCLUDE_IN_FRAMEWORK_HEADER = YES;
				CLANG_WARN_RANGE_LOOP_ANALYSIS = YES;
				CLANG_WARN_STRICT_PROTOTYPES = YES;
				CLANG_WARN_SUSPICIOUS_MOVE = YES;
				CLANG_WARN_UNGUARDED_AVAILABILITY = YES_AGGRESSIVE;
				CLANG_WARN_UNREACHABLE_CODE = YES;
				CLANG_WARN__DUPLICATE_METHOD_MATCH = YES;
				COPY_PHASE_STRIP = NO;
				DEBUG_INFORMATION_FORMAT = "dwarf-with-dsym";
				ENABLE_NS_ASSERTIONS = NO;
				ENABLE_STRICT_OBJC_MSGSEND = YES;
				ENABLE_USER_SCRIPT_SANDBOXING = YES;
				GCC_C_LANGUAGE_STANDARD = gnu17;
				GCC_NO_COMMON_BLOCKS = YES;
				GCC_WARN_64_TO_32_BIT_CONVERSION = YES;
				GCC_WARN_ABOUT_RETURN_TYPE = YES_ERROR;
				GCC_WARN_UNDECLARED_SELECTOR = YES;
				GCC_WARN_UNINITIALIZED_AUTOS = YES_AGGRESSIVE;
				GCC_WARN_UNUSED_FUNCTION = YES;
				GCC_WARN_UNUSED_VARIABLE = YES;
				IPHONEOS_DEPLOYMENT_TARGET = 17.0;
				LOCALIZATION_PREFERS_STRING_CATALOGS = YES;
				MTL_ENABLE_DEBUG_INFO = NO;
				MTL_FAST_MATH = YES;
				SDKROOT = iphoneos;
				SWIFT_COMPILATION_MODE = wholemodule;
				VALIDATE_PRODUCT = YES;
			};
			name = Release;
		};
		37F865A72AD75C81005C4E04 /* Debug */ = {
			isa = XCBuildConfiguration;
			baseConfigurationReference = 52309B7C17B774726F297F11 /* Pods-ForceUpdateKitExample.debug.xcconfig */;
			buildSettings = {
				ASSETCATALOG_COMPILER_APPICON_NAME = AppIcon;
				ASSETCATALOG_COMPILER_GLOBAL_ACCENT_COLOR_NAME = AccentColor;
				CODE_SIGN_STYLE = Automatic;
				CURRENT_PROJECT_VERSION = 1;
				ENABLE_USER_SCRIPT_SANDBOXING = NO;
				GENERATE_INFOPLIST_FILE = YES;
				INFOPLIST_FILE = ForceUpdateKitExample/Info.plist;
				INFOPLIST_KEY_UIApplicationSupportsIndirectInputEvents = YES;
				INFOPLIST_KEY_UILaunchStoryboardName = LaunchScreen;
				INFOPLIST_KEY_UISupportedInterfaceOrientations_iPad = "UIInterfaceOrientationPortrait UIInterfaceOrientationPortraitUpsideDown UIInterfaceOrientationLandscapeLeft UIInterfaceOrientationLandscapeRight";
				INFOPLIST_KEY_UISupportedInterfaceOrientations_iPhone = "UIInterfaceOrientationPortrait UIInterfaceOrientationLandscapeLeft UIInterfaceOrientationLandscapeRight";
				LD_RUNPATH_SEARCH_PATHS = (
					"$(inherited)",
					"@executable_path/Frameworks",
				);
				MARKETING_VERSION = 1.0;
				PRODUCT_BUNDLE_IDENTIFIER = com.forceupdatekit.test.ForceUpdateKitExample;
				PRODUCT_NAME = "$(TARGET_NAME)";
				SWIFT_EMIT_LOC_STRINGS = YES;
				SWIFT_VERSION = 5.0;
				TARGETED_DEVICE_FAMILY = "1,2";
			};
			name = Debug;
		};
		37F865A82AD75C81005C4E04 /* Release */ = {
			isa = XCBuildConfiguration;
			baseConfigurationReference = 76D2162BB9959938505980BE /* Pods-ForceUpdateKitExample.release.xcconfig */;
			buildSettings = {
				ASSETCATALOG_COMPILER_APPICON_NAME = AppIcon;
				ASSETCATALOG_COMPILER_GLOBAL_ACCENT_COLOR_NAME = AccentColor;
				CODE_SIGN_STYLE = Automatic;
				CURRENT_PROJECT_VERSION = 1;
				ENABLE_USER_SCRIPT_SANDBOXING = NO;
				GENERATE_INFOPLIST_FILE = YES;
				INFOPLIST_FILE = ForceUpdateKitExample/Info.plist;
				INFOPLIST_KEY_UIApplicationSupportsIndirectInputEvents = YES;
				INFOPLIST_KEY_UILaunchStoryboardName = LaunchScreen;
				INFOPLIST_KEY_UISupportedInterfaceOrientations_iPad = "UIInterfaceOrientationPortrait UIInterfaceOrientationPortraitUpsideDown UIInterfaceOrientationLandscapeLeft UIInterfaceOrientationLandscapeRight";
				INFOPLIST_KEY_UISupportedInterfaceOrientations_iPhone = "UIInterfaceOrientationPortrait UIInterfaceOrientationLandscapeLeft UIInterfaceOrientationLandscapeRight";
				LD_RUNPATH_SEARCH_PATHS = (
					"$(inherited)",
					"@executable_path/Frameworks",
				);
				MARKETING_VERSION = 1.0;
				PRODUCT_BUNDLE_IDENTIFIER = com.forceupdatekit.test.ForceUpdateKitExample;
				PRODUCT_NAME = "$(TARGET_NAME)";
				SWIFT_EMIT_LOC_STRINGS = YES;
				SWIFT_VERSION = 5.0;
				TARGETED_DEVICE_FAMILY = "1,2";
			};
			name = Release;
		};
		37F865AA2AD75C81005C4E04 /* Debug */ = {
			isa = XCBuildConfiguration;
			baseConfigurationReference = FA0F9CAEC35E438E2336A48E /* Pods-ForceUpdateKitExampleTests.debug.xcconfig */;
			buildSettings = {
				ALWAYS_EMBED_SWIFT_STANDARD_LIBRARIES = YES;
				BUNDLE_LOADER = "$(TEST_HOST)";
				CODE_SIGN_STYLE = Automatic;
				CURRENT_PROJECT_VERSION = 1;
				GENERATE_INFOPLIST_FILE = YES;
				IPHONEOS_DEPLOYMENT_TARGET = 17.0;
				MARKETING_VERSION = 1.0;
				PRODUCT_BUNDLE_IDENTIFIER = com.forceupdatekit.test.ForceUpdateKitExampleTests;
				PRODUCT_NAME = "$(TARGET_NAME)";
				SWIFT_EMIT_LOC_STRINGS = NO;
				SWIFT_VERSION = 5.0;
				TARGETED_DEVICE_FAMILY = "1,2";
				TEST_HOST = "$(BUILT_PRODUCTS_DIR)/ForceUpdateKitExample.app/$(BUNDLE_EXECUTABLE_FOLDER_PATH)/ForceUpdateKitExample";
			};
			name = Debug;
		};
		37F865AB2AD75C81005C4E04 /* Release */ = {
			isa = XCBuildConfiguration;
			baseConfigurationReference = 0672038DA7D7B626D04526D5 /* Pods-ForceUpdateKitExampleTests.release.xcconfig */;
			buildSettings = {
				ALWAYS_EMBED_SWIFT_STANDARD_LIBRARIES = YES;
				BUNDLE_LOADER = "$(TEST_HOST)";
				CODE_SIGN_STYLE = Automatic;
				CURRENT_PROJECT_VERSION = 1;
				GENERATE_INFOPLIST_FILE = YES;
				IPHONEOS_DEPLOYMENT_TARGET = 17.0;
				MARKETING_VERSION = 1.0;
				PRODUCT_BUNDLE_IDENTIFIER = com.forceupdatekit.test.ForceUpdateKitExampleTests;
				PRODUCT_NAME = "$(TARGET_NAME)";
				SWIFT_EMIT_LOC_STRINGS = NO;
				SWIFT_VERSION = 5.0;
				TARGETED_DEVICE_FAMILY = "1,2";
				TEST_HOST = "$(BUILT_PRODUCTS_DIR)/ForceUpdateKitExample.app/$(BUNDLE_EXECUTABLE_FOLDER_PATH)/ForceUpdateKitExample";
			};
			name = Release;
		};
		37F865AD2AD75C81005C4E04 /* Debug */ = {
			isa = XCBuildConfiguration;
			baseConfigurationReference = 5E2EEFDA5865FEA4A59FA5F2 /* Pods-ForceUpdateKitExample-ForceUpdateKitExampleUITests.debug.xcconfig */;
			buildSettings = {
				ALWAYS_EMBED_SWIFT_STANDARD_LIBRARIES = YES;
				CODE_SIGN_STYLE = Automatic;
				CURRENT_PROJECT_VERSION = 1;
				GENERATE_INFOPLIST_FILE = YES;
				MARKETING_VERSION = 1.0;
				PRODUCT_BUNDLE_IDENTIFIER = com.forceupdatekit.test.ForceUpdateKitExampleUITests;
				PRODUCT_NAME = "$(TARGET_NAME)";
				SWIFT_EMIT_LOC_STRINGS = NO;
				SWIFT_VERSION = 5.0;
				TARGETED_DEVICE_FAMILY = "1,2";
				TEST_TARGET_NAME = ForceUpdateKitExample;
			};
			name = Debug;
		};
		37F865AE2AD75C81005C4E04 /* Release */ = {
			isa = XCBuildConfiguration;
			baseConfigurationReference = F303E11C85DEA7CFC48A2EFF /* Pods-ForceUpdateKitExample-ForceUpdateKitExampleUITests.release.xcconfig */;
			buildSettings = {
				ALWAYS_EMBED_SWIFT_STANDARD_LIBRARIES = YES;
				CODE_SIGN_STYLE = Automatic;
				CURRENT_PROJECT_VERSION = 1;
				GENERATE_INFOPLIST_FILE = YES;
				MARKETING_VERSION = 1.0;
				PRODUCT_BUNDLE_IDENTIFIER = com.forceupdatekit.test.ForceUpdateKitExampleUITests;
				PRODUCT_NAME = "$(TARGET_NAME)";
				SWIFT_EMIT_LOC_STRINGS = NO;
				SWIFT_VERSION = 5.0;
				TARGETED_DEVICE_FAMILY = "1,2";
				TEST_TARGET_NAME = ForceUpdateKitExample;
			};
			name = Release;
		};
/* End XCBuildConfiguration section */

/* Begin XCConfigurationList section */
		37F865742AD75C7F005C4E04 /* Build configuration list for PBXProject "ForceUpdateKitExample" */ = {
			isa = XCConfigurationList;
			buildConfigurations = (
				37F865A42AD75C81005C4E04 /* Debug */,
				37F865A52AD75C81005C4E04 /* Release */,
			);
			defaultConfigurationIsVisible = 0;
			defaultConfigurationName = Release;
		};
		37F865A62AD75C81005C4E04 /* Build configuration list for PBXNativeTarget "ForceUpdateKitExample" */ = {
			isa = XCConfigurationList;
			buildConfigurations = (
				37F865A72AD75C81005C4E04 /* Debug */,
				37F865A82AD75C81005C4E04 /* Release */,
			);
			defaultConfigurationIsVisible = 0;
			defaultConfigurationName = Release;
		};
		37F865A92AD75C81005C4E04 /* Build configuration list for PBXNativeTarget "ForceUpdateKitExampleTests" */ = {
			isa = XCConfigurationList;
			buildConfigurations = (
				37F865AA2AD75C81005C4E04 /* Debug */,
				37F865AB2AD75C81005C4E04 /* Release */,
			);
			defaultConfigurationIsVisible = 0;
			defaultConfigurationName = Release;
		};
		37F865AC2AD75C81005C4E04 /* Build configuration list for PBXNativeTarget "ForceUpdateKitExampleUITests" */ = {
			isa = XCConfigurationList;
			buildConfigurations = (
				37F865AD2AD75C81005C4E04 /* Debug */,
				37F865AE2AD75C81005C4E04 /* Release */,
			);
			defaultConfigurationIsVisible = 0;
			defaultConfigurationName = Release;
		};
/* End XCConfigurationList section */

/* Begin XCVersionGroup section */
		37F865852AD75C7F005C4E04 /* ForceUpdateKitExample.xcdatamodeld */ = {
			isa = XCVersionGroup;
			children = (
				37F865862AD75C7F005C4E04 /* ForceUpdateKitExample.xcdatamodel */,
			);
			currentVersion = 37F865862AD75C7F005C4E04 /* ForceUpdateKitExample.xcdatamodel */;
			path = ForceUpdateKitExample.xcdatamodeld;
			sourceTree = "<group>";
			versionGroupType = wrapper.xcdatamodel;
		};
/* End XCVersionGroup section */
	};
	rootObject = 37F865712AD75C7F005C4E04 /* Project object */;
}
