{
  "originHash" : "e0d19d636b5a72db7184da0b107285d025366051b02e283aa282308a29446fc3",
  "pins" : [
    {
      "identity" : "agreementkit",
      "kind" : "remoteSourceControl",
      "location" : "https://github.com/ControlKit/AgreementKit.git",
      "state" : {
        "branch" : "main",
        "revision" : "3c7d3a18a9dee88bb46f537c56e83347d56218af"
      }
    },
    {
      "identity" : "agreementkit-swiftui",
      "kind" : "remoteSourceControl",
      "location" : "https://github.com/ControlKit/AgreementKit-SwiftUI.git",
      "state" : {
        "branch" : "main",
        "revision" : "18920d2c978ae1a3cc6bde6a5ec2e5eac60a1633"
      }
    },
    {
      "identity" : "contactsupportkit",
      "kind" : "remoteSourceControl",
      "location" : "https://github.com/ControlKit/ContactSupportKit.git",
      "state" : {
        "branch" : "main",
        "revision" : "9ffcd346963cebecdc2a423d18e80b34aad9655a"
      }
    },
    {
      "identity" : "contactsupportkit-swiftui",
      "kind" : "remoteSourceControl",
      "location" : "https://github.com/ControlKit/ContactSupportKit-SwiftUI.git",
      "state" : {
        "branch" : "main",
        "revision" : "e83b4a8291e88a6b94b217691e8569ba8eebfaab"
      }
    },
    {
      "identity" : "controlkitbase",
      "kind" : "remoteSourceControl",
      "location" : "https://github.com/ControlKit/ControlKitBase.git",
      "state" : {
        "branch" : "main",
        "revision" : "88312be492de635debaecf081d9cbb1aa8551788"
      }
    },
    {
      "identity" : "forceupdatekit",
      "kind" : "remoteSourceControl",
      "location" : "https://github.com/ControlKit/ForceUpdateKit.git",
      "state" : {
        "branch" : "main",
        "revision" : "a8a8003c8c25174c60c930e052a06b863041d045"
      }
    },
    {
      "identity" : "inboxkit",
      "kind" : "remoteSourceControl",
      "location" : "https://github.com/ControlKit/InboxKit.git",
      "state" : {
        "branch" : "main",
        "revision" : "374967acaf4139c839922a7f82cc6cb9e4c60931"
      }
    },
    {
      "identity" : "inboxkit-swiftui",
      "kind" : "remoteSourceControl",
      "location" : "https://github.com/ControlKit/InboxKit-SwiftUI.git",
      "state" : {
        "branch" : "main",
        "revision" : "c56625c3c6a703acf3ce91ff764ee3d09b8cb678"
      }
    },
    {
      "identity" : "launchalertkit",
      "kind" : "remoteSourceControl",
      "location" : "https://github.com/ControlKit/LaunchAlertKit.git",
      "state" : {
        "branch" : "main",
        "revision" : "491fa7dd8a68735db7262fcbbb6afb9c0e6c4087"
      }
    },
    {
      "identity" : "netpromoterscorekit",
      "kind" : "remoteSourceControl",
      "location" : "https://github.com/ControlKit/NetPromoterScoreKit.git",
      "state" : {
        "branch" : "main",
        "revision" : "0d2df4c3a33ed3e77af79635848f577f9311643d"
      }
    },
    {
      "identity" : "netpromoterscorekit-swiftui",
      "kind" : "remoteSourceControl",
      "location" : "https://github.com/ControlKit/NetPromoterScoreKit-SwiftUI.git",
      "state" : {
        "branch" : "main",
        "revision" : "0e3fa46675c7c010b7767bffd33e28f7bee6814b"
      }
    },
    {
      "identity" : "votekit",
      "kind" : "remoteSourceControl",
      "location" : "https://github.com/ControlKit/VoteKit.git",
      "state" : {
        "branch" : "main",
        "revision" : "7b86f191774c58815edc85ec570631ce610bcd38"
      }
    },
    {
      "identity" : "votekit-swiftui",
      "kind" : "remoteSourceControl",
      "location" : "https://github.com/ControlKit/VoteKit-SwiftUI.git",
      "state" : {
        "branch" : "main",
        "revision" : "529bd469386a53040f3f44afe60fff5e575a475b"
      }
    }
  ],
  "version" : 3
}
