{
  "originHash" : "bc0116ef28295dded6e84e14836efe25f53b0a4a518aa9b75821abca83cc2704",
  "pins" : [
    {
      "identity" : "agreementkit",
      "kind" : "remoteSourceControl",
      "location" : "https://github.com/ControlKit/AgreementKit.git",
      "state" : {
        "branch" : "main",
        "revision" : "3c7d3a18a9dee88bb46f537c56e83347d56218af"
      }
    },
    {
      "identity" : "agreementkit-swiftui",
      "kind" : "remoteSourceControl",
      "location" : "https://github.com/ControlKit/AgreementKit-SwiftUI.git",
      "state" : {
        "branch" : "main",
        "revision" : "f98465318a0b0727f3131844a4b7a1d1fc341996"
      }
    },
    {
      "identity" : "contactsupportkit",
      "kind" : "remoteSourceControl",
      "location" : "https://github.com/ControlKit/ContactSupportKit.git",
      "state" : {
        "branch" : "main",
        "revision" : "9ffcd346963cebecdc2a423d18e80b34aad9655a"
      }
    },
    {
      "identity" : "controlkitbase",
      "kind" : "remoteSourceControl",
      "location" : "https://github.com/ControlKit/ControlKitBase.git",
      "state" : {
        "branch" : "main",
        "revision" : "88312be492de635debaecf081d9cbb1aa8551788"
      }
    },
    {
      "identity" : "forceupdatekit",
      "kind" : "remoteSourceControl",
      "location" : "https://github.com/ControlKit/ForceUpdateKit.git",
      "state" : {
        "branch" : "main",
        "revision" : "a8a8003c8c25174c60c930e052a06b863041d045"
      }
    },
    {
      "identity" : "inboxkit",
      "kind" : "remoteSourceControl",
      "location" : "https://github.com/ControlKit/InboxKit.git",
      "state" : {
        "branch" : "main",
        "revision" : "374967acaf4139c839922a7f82cc6cb9e4c60931"
      }
    },
    {
      "identity" : "launchalertkit",
      "kind" : "remoteSourceControl",
      "location" : "https://github.com/ControlKit/LaunchAlertKit.git",
      "state" : {
        "branch" : "main",
        "revision" : "491fa7dd8a68735db7262fcbbb6afb9c0e6c4087"
      }
    },
    {
      "identity" : "netpromoterscorekit",
      "kind" : "remoteSourceControl",
      "location" : "https://github.com/ControlKit/NetPromoterScoreKit.git",
      "state" : {
        "branch" : "main",
        "revision" : "0d2df4c3a33ed3e77af79635848f577f9311643d"
      }
    },
    {
      "identity" : "votekit",
      "kind" : "remoteSourceControl",
      "location" : "https://github.com/ControlKit/VoteKit.git",
      "state" : {
        "branch" : "main",
        "revision" : "7b86f191774c58815edc85ec570631ce610bcd38"
      }
    }
  ],
  "version" : 3
}
